// !$*UTF8*$!
{
	archiveVersion = 1;
	classes = {
	};
	objectVersion = 46;
	objects = {

/* Begin PBXBuildFile section */
		50191F651A43842A00548963 /* main.m in Sources */ = {isa = PBXBuildFile; fileRef = 50191F641A43842A00548963 /* main.m */; };
		50191F681A43842A00548963 /* AppDelegate.m in Sources */ = {isa = PBXBuildFile; fileRef = 50191F671A43842A00548963 /* AppDelegate.m */; };
		50191F731A43842A00548963 /* Images.xcassets in Resources */ = {isa = PBXBuildFile; fileRef = 50191F721A43842A00548963 /* Images.xcassets */; };
		50191F761A43842A00548963 /* LaunchScreen.xib in Resources */ = {isa = PBXBuildFile; fileRef = 50191F741A43842A00548963 /* LaunchScreen.xib */; };
		50191F821A43842B00548963 /* ldrbrd_iphone_v3Tests.m in Sources */ = {isa = PBXBuildFile; fileRef = 50191F811A43842B00548963 /* ldrbrd_iphone_v3Tests.m */; };
		50191FCE1A43907700548963 /* LBGolferSelectVC.m in Sources */ = {isa = PBXBuildFile; fileRef = 50191FAD1A43907700548963 /* LBGolferSelectVC.m */; };
		50191FCF1A43907700548963 /* LBLandingVC.m in Sources */ = {isa = PBXBuildFile; fileRef = 50191FAF1A43907700548963 /* LBLandingVC.m */; };
		50191FD21A43907700548963 /* LBPlayGolfNowVC.m in Sources */ = {isa = PBXBuildFile; fileRef = 50191FB51A43907700548963 /* LBPlayGolfNowVC.m */; };
		50191FD31A43907700548963 /* LBPlayGolfVC.m in Sources */ = {isa = PBXBuildFile; fileRef = 50191FB71A43907700548963 /* LBPlayGolfVC.m */; };
		50191FD41A43907700548963 /* LBRoundSummaryVC.m in Sources */ = {isa = PBXBuildFile; fileRef = 50191FB91A43907700548963 /* LBRoundSummaryVC.m */; };
		50191FD51A43907700548963 /* LBSignScorecardVC.m in Sources */ = {isa = PBXBuildFile; fileRef = 50191FBB1A43907700548963 /* LBSignScorecardVC.m */; };
		50191FD61A43907700548963 /* LBStartRoundCourseVC.m in Sources */ = {isa = PBXBuildFile; fileRef = 50191FBD1A43907700548963 /* LBStartRoundCourseVC.m */; };
		50191FD71A43907700548963 /* LBStartRoundDetailVC.m in Sources */ = {isa = PBXBuildFile; fileRef = 50191FBF1A43907700548963 /* LBStartRoundDetailVC.m */; };
		502A9B8B1A45E990008695F4 /* Settings.bundle in Resources */ = {isa = PBXBuildFile; fileRef = 502A9B8A1A45E990008695F4 /* Settings.bundle */; };
		502A9B8D1A465FFB008695F4 /* LBCompetitionRound.m in Sources */ = {isa = PBXBuildFile; fileRef = 502A9B8C1A465FFB008695F4 /* LBCompetitionRound.m */; };
		502A9B931A4B2906008695F4 /* LBCompetitionRoundView.m in Sources */ = {isa = PBXBuildFile; fileRef = 502A9B921A4B2906008695F4 /* LBCompetitionRoundView.m */; };
		506A63F91A439A5600D4833D /* iPhone.storyboard in Resources */ = {isa = PBXBuildFile; fileRef = 506A63F71A439A5600D4833D /* iPhone.storyboard */; };
		506A64121A443E9200D4833D /* NotificationCenter.framework in Frameworks */ = {isa = PBXBuildFile; fileRef = 506A63FF1A443DD000D4833D /* NotificationCenter.framework */; };
		506A64181A443FE400D4833D /* LBCourseDescription.m in Sources */ = {isa = PBXBuildFile; fileRef = 506A64151A443FE400D4833D /* LBCourseDescription.m */; };
		506A64191A443FE400D4833D /* LBPlayerSummaryView.m in Sources */ = {isa = PBXBuildFile; fileRef = 506A64171A443FE400D4833D /* LBPlayerSummaryView.m */; };
		506A661E1A449C3800D4833D /* LBCourse.m in Sources */ = {isa = PBXBuildFile; fileRef = 506A66081A449C3800D4833D /* LBCourse.m */; };
		506A661F1A449C3800D4833D /* LBCourseHole.m in Sources */ = {isa = PBXBuildFile; fileRef = 506A660A1A449C3800D4833D /* LBCourseHole.m */; };
		506A66201A449C3800D4833D /* LBGolfer.m in Sources */ = {isa = PBXBuildFile; fileRef = 506A660C1A449C3800D4833D /* LBGolfer.m */; };
		506A66211A449C3800D4833D /* LBScorecard.m in Sources */ = {isa = PBXBuildFile; fileRef = 506A660E1A449C3800D4833D /* LBScorecard.m */; };
		506A66221A449C3800D4833D /* LBDataManager.m in Sources */ = {isa = PBXBuildFile; fileRef = 506A66111A449C3800D4833D /* LBDataManager.m */; };
		506A66231A449C3800D4833D /* LBLocationManager.m in Sources */ = {isa = PBXBuildFile; fileRef = 506A66131A449C3800D4833D /* LBLocationManager.m */; };
		506A66241A449C3800D4833D /* LBRestFacade.m in Sources */ = {isa = PBXBuildFile; fileRef = 506A66151A449C3800D4833D /* LBRestFacade.m */; };
		506A66251A449C3800D4833D /* LBGolfShotProfiler.m in Sources */ = {isa = PBXBuildFile; fileRef = 506A66191A449C3800D4833D /* LBGolfShotProfiler.m */; };
		506A66261A449C3800D4833D /* LBScorecardUtils.m in Sources */ = {isa = PBXBuildFile; fileRef = 506A661B1A449C3800D4833D /* LBScorecardUtils.m */; };
		506A66271A449C3800D4833D /* UIColor+LBColours.m in Sources */ = {isa = PBXBuildFile; fileRef = 506A661D1A449C3800D4833D /* UIColor+LBColours.m */; };
		506A66321A44CB2C00D4833D /* NotificationCenter.framework in Frameworks */ = {isa = PBXBuildFile; fileRef = 506A63FF1A443DD000D4833D /* NotificationCenter.framework */; };
		506A66381A44CB2C00D4833D /* TodayViewController.m in Sources */ = {isa = PBXBuildFile; fileRef = 506A66371A44CB2C00D4833D /* TodayViewController.m */; };
		506A663A1A44CB2C00D4833D /* MainInterface.storyboard in Resources */ = {isa = PBXBuildFile; fileRef = 506A66391A44CB2C00D4833D /* MainInterface.storyboard */; };
		506A663D1A44CB2C00D4833D /* ldrbrd-widget.appex in Embed App Extensions */ = {isa = PBXBuildFile; fileRef = 506A66311A44CB2B00D4833D /* ldrbrd-widget.appex */; settings = {ATTRIBUTES = (RemoveHeadersOnCopy, ); }; };
		5074F94E1A5BEA9400CD2485 /* libPods-AFNetworking.a in Frameworks */ = {isa = PBXBuildFile; fileRef = 5074F94D1A5BEA9400CD2485 /* libPods-AFNetworking.a */; };
		5074F9551A5BF85800CD2485 /* libPods-JSONModel.a in Frameworks */ = {isa = PBXBuildFile; fileRef = 5074F94F1A5BF85800CD2485 /* libPods-JSONModel.a */; };
		5074F9561A5BF85800CD2485 /* libPods-Reachability.a in Frameworks */ = {isa = PBXBuildFile; fileRef = 5074F9501A5BF85800CD2485 /* libPods-Reachability.a */; };
		5074F9571A5BF85800CD2485 /* libPods-SSKeychain.a in Frameworks */ = {isa = PBXBuildFile; fileRef = 5074F9511A5BF85800CD2485 /* libPods-SSKeychain.a */; };
		5074F9581A5BF85800CD2485 /* libPods-SVProgressHUD.a in Frameworks */ = {isa = PBXBuildFile; fileRef = 5074F9521A5BF85800CD2485 /* libPods-SVProgressHUD.a */; };
		5074F9591A5BF85800CD2485 /* libPods-SWRevealViewController.a in Frameworks */ = {isa = PBXBuildFile; fileRef = 5074F9531A5BF85800CD2485 /* libPods-SWRevealViewController.a */; };
		5074F95A1A5BF85800CD2485 /* libPods.a in Frameworks */ = {isa = PBXBuildFile; fileRef = 5074F9541A5BF85800CD2485 /* libPods.a */; };
		50B4E5651A4B9A0C008F65AE /* LBUserDefaults.m in Sources */ = {isa = PBXBuildFile; fileRef = 50B4E5641A4B9A0C008F65AE /* LBUserDefaults.m */; };
		50B4E5681A4CEE67008F65AE /* LBLeaderboardWebVC.m in Sources */ = {isa = PBXBuildFile; fileRef = 50B4E5671A4CEE67008F65AE /* LBLeaderboardWebVC.m */; };
		50B4E56D1A4E3818008F65AE /* LBMainVC.m in Sources */ = {isa = PBXBuildFile; fileRef = 50B4E56A1A4E3818008F65AE /* LBMainVC.m */; };
		50B4E56E1A4E3818008F65AE /* LBMenuVC.m in Sources */ = {isa = PBXBuildFile; fileRef = 50B4E56C1A4E3818008F65AE /* LBMenuVC.m */; };
		50C7DE811A6F4934007909AB /* LBLoginView.m in Sources */ = {isa = PBXBuildFile; fileRef = 50C7DE801A6F4934007909AB /* LBLoginView.m */; };
/* End PBXBuildFile section */

/* Begin PBXContainerItemProxy section */
		50191F7C1A43842B00548963 /* PBXContainerItemProxy */ = {
			isa = PBXContainerItemProxy;
			containerPortal = 50191F571A43842A00548963 /* Project object */;
			proxyType = 1;
			remoteGlobalIDString = 50191F5E1A43842A00548963;
			remoteInfo = "ldrbrd-iphone-v3";
		};
		506A663B1A44CB2C00D4833D /* PBXContainerItemProxy */ = {
			isa = PBXContainerItemProxy;
			containerPortal = 50191F571A43842A00548963 /* Project object */;
			proxyType = 1;
			remoteGlobalIDString = 506A66301A44CB2B00D4833D;
			remoteInfo = "ldrbrd-widget";
		};
		506A663E1A44CB2C00D4833D /* PBXContainerItemProxy */ = {
			isa = PBXContainerItemProxy;
			containerPortal = 50191F571A43842A00548963 /* Project object */;
			proxyType = 1;
			remoteGlobalIDString = 506A66301A44CB2B00D4833D;
			remoteInfo = "ldrbrd-widget";
		};
/* End PBXContainerItemProxy section */

/* Begin PBXCopyFilesBuildPhase section */
		506A64111A443DD000D4833D /* Embed App Extensions */ = {
			isa = PBXCopyFilesBuildPhase;
			buildActionMask = 2147483647;
			dstPath = "";
			dstSubfolderSpec = 13;
			files = (
				506A663D1A44CB2C00D4833D /* ldrbrd-widget.appex in Embed App Extensions */,
			);
			name = "Embed App Extensions";
			runOnlyForDeploymentPostprocessing = 0;
		};
		506A64451A44411D00D4833D /* Embed Frameworks */ = {
			isa = PBXCopyFilesBuildPhase;
			buildActionMask = 2147483647;
			dstPath = "";
			dstSubfolderSpec = 10;
			files = (
			);
			name = "Embed Frameworks";
			runOnlyForDeploymentPostprocessing = 0;
		};
/* End PBXCopyFilesBuildPhase section */

/* Begin PBXFileReference section */
		50191F5F1A43842A00548963 /* ldrbrd-iphone-v3.app */ = {isa = PBXFileReference; explicitFileType = wrapper.application; includeInIndex = 0; path = "ldrbrd-iphone-v3.app"; sourceTree = BUILT_PRODUCTS_DIR; };
		50191F631A43842A00548963 /* Info.plist */ = {isa = PBXFileReference; lastKnownFileType = text.plist.xml; path = Info.plist; sourceTree = "<group>"; };
		50191F641A43842A00548963 /* main.m */ = {isa = PBXFileReference; lastKnownFileType = sourcecode.c.objc; path = main.m; sourceTree = "<group>"; };
		50191F661A43842A00548963 /* AppDelegate.h */ = {isa = PBXFileReference; lastKnownFileType = sourcecode.c.h; path = AppDelegate.h; sourceTree = "<group>"; };
		50191F671A43842A00548963 /* AppDelegate.m */ = {isa = PBXFileReference; lastKnownFileType = sourcecode.c.objc; path = AppDelegate.m; sourceTree = "<group>"; };
		50191F721A43842A00548963 /* Images.xcassets */ = {isa = PBXFileReference; lastKnownFileType = folder.assetcatalog; path = Images.xcassets; sourceTree = "<group>"; };
		50191F751A43842A00548963 /* Base */ = {isa = PBXFileReference; lastKnownFileType = file.xib; name = Base; path = Base.lproj/LaunchScreen.xib; sourceTree = "<group>"; };
		50191F7B1A43842A00548963 /* ldrbrd-iphone-v3Tests.xctest */ = {isa = PBXFileReference; explicitFileType = wrapper.cfbundle; includeInIndex = 0; path = "ldrbrd-iphone-v3Tests.xctest"; sourceTree = BUILT_PRODUCTS_DIR; };
		50191F801A43842B00548963 /* Info.plist */ = {isa = PBXFileReference; lastKnownFileType = text.plist.xml; path = Info.plist; sourceTree = "<group>"; };
		50191F811A43842B00548963 /* ldrbrd_iphone_v3Tests.m */ = {isa = PBXFileReference; lastKnownFileType = sourcecode.c.objc; path = ldrbrd_iphone_v3Tests.m; sourceTree = "<group>"; };
		50191FAC1A43907700548963 /* LBGolferSelectVC.h */ = {isa = PBXFileReference; fileEncoding = 4; lastKnownFileType = sourcecode.c.h; path = LBGolferSelectVC.h; sourceTree = "<group>"; };
		50191FAD1A43907700548963 /* LBGolferSelectVC.m */ = {isa = PBXFileReference; fileEncoding = 4; lastKnownFileType = sourcecode.c.objc; path = LBGolferSelectVC.m; sourceTree = "<group>"; };
		50191FAE1A43907700548963 /* LBLandingVC.h */ = {isa = PBXFileReference; fileEncoding = 4; lastKnownFileType = sourcecode.c.h; path = LBLandingVC.h; sourceTree = "<group>"; };
		50191FAF1A43907700548963 /* LBLandingVC.m */ = {isa = PBXFileReference; fileEncoding = 4; lastKnownFileType = sourcecode.c.objc; path = LBLandingVC.m; sourceTree = "<group>"; };
		50191FB41A43907700548963 /* LBPlayGolfNowVC.h */ = {isa = PBXFileReference; fileEncoding = 4; lastKnownFileType = sourcecode.c.h; path = LBPlayGolfNowVC.h; sourceTree = "<group>"; };
		50191FB51A43907700548963 /* LBPlayGolfNowVC.m */ = {isa = PBXFileReference; fileEncoding = 4; lastKnownFileType = sourcecode.c.objc; path = LBPlayGolfNowVC.m; sourceTree = "<group>"; };
		50191FB61A43907700548963 /* LBPlayGolfVC.h */ = {isa = PBXFileReference; fileEncoding = 4; lastKnownFileType = sourcecode.c.h; path = LBPlayGolfVC.h; sourceTree = "<group>"; };
		50191FB71A43907700548963 /* LBPlayGolfVC.m */ = {isa = PBXFileReference; fileEncoding = 4; lastKnownFileType = sourcecode.c.objc; path = LBPlayGolfVC.m; sourceTree = "<group>"; };
		50191FB81A43907700548963 /* LBRoundSummaryVC.h */ = {isa = PBXFileReference; fileEncoding = 4; lastKnownFileType = sourcecode.c.h; path = LBRoundSummaryVC.h; sourceTree = "<group>"; };
		50191FB91A43907700548963 /* LBRoundSummaryVC.m */ = {isa = PBXFileReference; fileEncoding = 4; lastKnownFileType = sourcecode.c.objc; path = LBRoundSummaryVC.m; sourceTree = "<group>"; };
		50191FBA1A43907700548963 /* LBSignScorecardVC.h */ = {isa = PBXFileReference; fileEncoding = 4; lastKnownFileType = sourcecode.c.h; path = LBSignScorecardVC.h; sourceTree = "<group>"; };
		50191FBB1A43907700548963 /* LBSignScorecardVC.m */ = {isa = PBXFileReference; fileEncoding = 4; lastKnownFileType = sourcecode.c.objc; path = LBSignScorecardVC.m; sourceTree = "<group>"; };
		50191FBC1A43907700548963 /* LBStartRoundCourseVC.h */ = {isa = PBXFileReference; fileEncoding = 4; lastKnownFileType = sourcecode.c.h; path = LBStartRoundCourseVC.h; sourceTree = "<group>"; };
		50191FBD1A43907700548963 /* LBStartRoundCourseVC.m */ = {isa = PBXFileReference; fileEncoding = 4; lastKnownFileType = sourcecode.c.objc; path = LBStartRoundCourseVC.m; sourceTree = "<group>"; };
		50191FBE1A43907700548963 /* LBStartRoundDetailVC.h */ = {isa = PBXFileReference; fileEncoding = 4; lastKnownFileType = sourcecode.c.h; path = LBStartRoundDetailVC.h; sourceTree = "<group>"; };
		50191FBF1A43907700548963 /* LBStartRoundDetailVC.m */ = {isa = PBXFileReference; fileEncoding = 4; lastKnownFileType = sourcecode.c.objc; path = LBStartRoundDetailVC.m; sourceTree = "<group>"; };
		502A9B8A1A45E990008695F4 /* Settings.bundle */ = {isa = PBXFileReference; lastKnownFileType = "wrapper.plug-in"; path = Settings.bundle; sourceTree = "<group>"; };
		502A9B8C1A465FFB008695F4 /* LBCompetitionRound.m */ = {isa = PBXFileReference; fileEncoding = 4; lastKnownFileType = sourcecode.c.objc; path = LBCompetitionRound.m; sourceTree = "<group>"; };
		502A9B8E1A466033008695F4 /* LBCompetitionRound.h */ = {isa = PBXFileReference; lastKnownFileType = sourcecode.c.h; path = LBCompetitionRound.h; sourceTree = "<group>"; };
		502A9B911A4B2906008695F4 /* LBCompetitionRoundView.h */ = {isa = PBXFileReference; fileEncoding = 4; lastKnownFileType = sourcecode.c.h; name = LBCompetitionRoundView.h; path = view/LBCompetitionRoundView.h; sourceTree = "<group>"; };
		502A9B921A4B2906008695F4 /* LBCompetitionRoundView.m */ = {isa = PBXFileReference; fileEncoding = 4; lastKnownFileType = sourcecode.c.objc; name = LBCompetitionRoundView.m; path = view/LBCompetitionRoundView.m; sourceTree = "<group>"; };
		506A63F81A439A5600D4833D /* Base */ = {isa = PBXFileReference; lastKnownFileType = file.storyboard; name = Base; path = "ldrbrd-iphone-v3/Base.lproj/iPhone.storyboard"; sourceTree = "<group>"; };
		506A63FF1A443DD000D4833D /* NotificationCenter.framework */ = {isa = PBXFileReference; lastKnownFileType = wrapper.framework; name = NotificationCenter.framework; path = System/Library/Frameworks/NotificationCenter.framework; sourceTree = SDKROOT; };
		506A64141A443FE400D4833D /* LBCourseDescription.h */ = {isa = PBXFileReference; fileEncoding = 4; lastKnownFileType = sourcecode.c.h; name = LBCourseDescription.h; path = view/LBCourseDescription.h; sourceTree = "<group>"; };
		506A64151A443FE400D4833D /* LBCourseDescription.m */ = {isa = PBXFileReference; fileEncoding = 4; lastKnownFileType = sourcecode.c.objc; name = LBCourseDescription.m; path = view/LBCourseDescription.m; sourceTree = "<group>"; };
		506A64161A443FE400D4833D /* LBPlayerSummaryView.h */ = {isa = PBXFileReference; fileEncoding = 4; lastKnownFileType = sourcecode.c.h; name = LBPlayerSummaryView.h; path = view/LBPlayerSummaryView.h; sourceTree = "<group>"; };
		506A64171A443FE400D4833D /* LBPlayerSummaryView.m */ = {isa = PBXFileReference; fileEncoding = 4; lastKnownFileType = sourcecode.c.objc; name = LBPlayerSummaryView.m; path = view/LBPlayerSummaryView.m; sourceTree = "<group>"; };
		506A64491A4441BB00D4833D /* UIKit.framework */ = {isa = PBXFileReference; lastKnownFileType = wrapper.framework; name = UIKit.framework; path = System/Library/Frameworks/UIKit.framework; sourceTree = SDKROOT; };
		506A66071A449C3800D4833D /* LBCourse.h */ = {isa = PBXFileReference; fileEncoding = 4; lastKnownFileType = sourcecode.c.h; path = LBCourse.h; sourceTree = "<group>"; };
		506A66081A449C3800D4833D /* LBCourse.m */ = {isa = PBXFileReference; fileEncoding = 4; lastKnownFileType = sourcecode.c.objc; path = LBCourse.m; sourceTree = "<group>"; };
		506A66091A449C3800D4833D /* LBCourseHole.h */ = {isa = PBXFileReference; fileEncoding = 4; lastKnownFileType = sourcecode.c.h; path = LBCourseHole.h; sourceTree = "<group>"; };
		506A660A1A449C3800D4833D /* LBCourseHole.m */ = {isa = PBXFileReference; fileEncoding = 4; lastKnownFileType = sourcecode.c.objc; path = LBCourseHole.m; sourceTree = "<group>"; };
		506A660B1A449C3800D4833D /* LBGolfer.h */ = {isa = PBXFileReference; fileEncoding = 4; lastKnownFileType = sourcecode.c.h; path = LBGolfer.h; sourceTree = "<group>"; };
		506A660C1A449C3800D4833D /* LBGolfer.m */ = {isa = PBXFileReference; fileEncoding = 4; lastKnownFileType = sourcecode.c.objc; path = LBGolfer.m; sourceTree = "<group>"; };
		506A660D1A449C3800D4833D /* LBScorecard.h */ = {isa = PBXFileReference; fileEncoding = 4; lastKnownFileType = sourcecode.c.h; path = LBScorecard.h; sourceTree = "<group>"; };
		506A660E1A449C3800D4833D /* LBScorecard.m */ = {isa = PBXFileReference; fileEncoding = 4; lastKnownFileType = sourcecode.c.objc; path = LBScorecard.m; sourceTree = "<group>"; };
		506A66101A449C3800D4833D /* LBDataManager.h */ = {isa = PBXFileReference; fileEncoding = 4; lastKnownFileType = sourcecode.c.h; path = LBDataManager.h; sourceTree = "<group>"; };
		506A66111A449C3800D4833D /* LBDataManager.m */ = {isa = PBXFileReference; fileEncoding = 4; lastKnownFileType = sourcecode.c.objc; path = LBDataManager.m; sourceTree = "<group>"; };
		506A66121A449C3800D4833D /* LBLocationManager.h */ = {isa = PBXFileReference; fileEncoding = 4; lastKnownFileType = sourcecode.c.h; path = LBLocationManager.h; sourceTree = "<group>"; };
		506A66131A449C3800D4833D /* LBLocationManager.m */ = {isa = PBXFileReference; fileEncoding = 4; lastKnownFileType = sourcecode.c.objc; path = LBLocationManager.m; sourceTree = "<group>"; };
		506A66141A449C3800D4833D /* LBRestFacade.h */ = {isa = PBXFileReference; fileEncoding = 4; lastKnownFileType = sourcecode.c.h; path = LBRestFacade.h; sourceTree = "<group>"; };
		506A66151A449C3800D4833D /* LBRestFacade.m */ = {isa = PBXFileReference; fileEncoding = 4; lastKnownFileType = sourcecode.c.objc; path = LBRestFacade.m; sourceTree = "<group>"; };
		506A66171A449C3800D4833D /* LBConstant.h */ = {isa = PBXFileReference; fileEncoding = 4; lastKnownFileType = sourcecode.c.h; path = LBConstant.h; sourceTree = "<group>"; };
		506A66181A449C3800D4833D /* LBGolfShotProfiler.h */ = {isa = PBXFileReference; fileEncoding = 4; lastKnownFileType = sourcecode.c.h; path = LBGolfShotProfiler.h; sourceTree = "<group>"; };
		506A66191A449C3800D4833D /* LBGolfShotProfiler.m */ = {isa = PBXFileReference; fileEncoding = 4; lastKnownFileType = sourcecode.c.objc; path = LBGolfShotProfiler.m; sourceTree = "<group>"; };
		506A661A1A449C3800D4833D /* LBScorecardUtils.h */ = {isa = PBXFileReference; fileEncoding = 4; lastKnownFileType = sourcecode.c.h; path = LBScorecardUtils.h; sourceTree = "<group>"; };
		506A661B1A449C3800D4833D /* LBScorecardUtils.m */ = {isa = PBXFileReference; fileEncoding = 4; lastKnownFileType = sourcecode.c.objc; path = LBScorecardUtils.m; sourceTree = "<group>"; };
		506A661C1A449C3800D4833D /* UIColor+LBColours.h */ = {isa = PBXFileReference; fileEncoding = 4; lastKnownFileType = sourcecode.c.h; path = "UIColor+LBColours.h"; sourceTree = "<group>"; };
		506A661D1A449C3800D4833D /* UIColor+LBColours.m */ = {isa = PBXFileReference; fileEncoding = 4; lastKnownFileType = sourcecode.c.objc; path = "UIColor+LBColours.m"; sourceTree = "<group>"; };
		506A66311A44CB2B00D4833D /* ldrbrd-widget.appex */ = {isa = PBXFileReference; explicitFileType = "wrapper.app-extension"; includeInIndex = 0; path = "ldrbrd-widget.appex"; sourceTree = BUILT_PRODUCTS_DIR; };
		506A66351A44CB2C00D4833D /* Info.plist */ = {isa = PBXFileReference; lastKnownFileType = text.plist.xml; path = Info.plist; sourceTree = "<group>"; };
		506A66361A44CB2C00D4833D /* TodayViewController.h */ = {isa = PBXFileReference; lastKnownFileType = sourcecode.c.h; path = TodayViewController.h; sourceTree = "<group>"; };
		506A66371A44CB2C00D4833D /* TodayViewController.m */ = {isa = PBXFileReference; lastKnownFileType = sourcecode.c.objc; path = TodayViewController.m; sourceTree = "<group>"; };
		506A66391A44CB2C00D4833D /* MainInterface.storyboard */ = {isa = PBXFileReference; lastKnownFileType = file.storyboard; path = MainInterface.storyboard; sourceTree = "<group>"; };
		5074F94D1A5BEA9400CD2485 /* libPods-AFNetworking.a */ = {isa = PBXFileReference; lastKnownFileType = archive.ar; name = "libPods-AFNetworking.a"; path = "Pods/build/Debug-iphoneos/libPods-AFNetworking.a"; sourceTree = "<group>"; };
		5074F94F1A5BF85800CD2485 /* libPods-JSONModel.a */ = {isa = PBXFileReference; lastKnownFileType = archive.ar; name = "libPods-JSONModel.a"; path = "Pods/build/Debug-iphoneos/libPods-JSONModel.a"; sourceTree = "<group>"; };
		5074F9501A5BF85800CD2485 /* libPods-Reachability.a */ = {isa = PBXFileReference; lastKnownFileType = archive.ar; name = "libPods-Reachability.a"; path = "Pods/build/Debug-iphoneos/libPods-Reachability.a"; sourceTree = "<group>"; };
		5074F9511A5BF85800CD2485 /* libPods-SSKeychain.a */ = {isa = PBXFileReference; lastKnownFileType = archive.ar; name = "libPods-SSKeychain.a"; path = "Pods/build/Debug-iphoneos/libPods-SSKeychain.a"; sourceTree = "<group>"; };
		5074F9521A5BF85800CD2485 /* libPods-SVProgressHUD.a */ = {isa = PBXFileReference; lastKnownFileType = archive.ar; name = "libPods-SVProgressHUD.a"; path = "Pods/build/Debug-iphoneos/libPods-SVProgressHUD.a"; sourceTree = "<group>"; };
		5074F9531A5BF85800CD2485 /* libPods-SWRevealViewController.a */ = {isa = PBXFileReference; lastKnownFileType = archive.ar; name = "libPods-SWRevealViewController.a"; path = "Pods/build/Debug-iphoneos/libPods-SWRevealViewController.a"; sourceTree = "<group>"; };
		5074F9541A5BF85800CD2485 /* libPods.a */ = {isa = PBXFileReference; lastKnownFileType = archive.ar; name = libPods.a; path = "Pods/build/Debug-iphoneos/libPods.a"; sourceTree = "<group>"; };
		50B4E5611A4B94D2008F65AE /* ldrbrd-iphone-v3.entitlements */ = {isa = PBXFileReference; lastKnownFileType = text.xml; path = "ldrbrd-iphone-v3.entitlements"; sourceTree = "<group>"; };
		50B4E5621A4B957B008F65AE /* ldrbrd-widget.entitlements */ = {isa = PBXFileReference; lastKnownFileType = text.xml; path = "ldrbrd-widget.entitlements"; sourceTree = "<group>"; };
		50B4E5631A4B9A0C008F65AE /* LBUserDefaults.h */ = {isa = PBXFileReference; fileEncoding = 4; lastKnownFileType = sourcecode.c.h; path = LBUserDefaults.h; sourceTree = "<group>"; };
		50B4E5641A4B9A0C008F65AE /* LBUserDefaults.m */ = {isa = PBXFileReference; fileEncoding = 4; lastKnownFileType = sourcecode.c.objc; path = LBUserDefaults.m; sourceTree = "<group>"; };
		50B4E5661A4CEE67008F65AE /* LBLeaderboardWebVC.h */ = {isa = PBXFileReference; fileEncoding = 4; lastKnownFileType = sourcecode.c.h; path = LBLeaderboardWebVC.h; sourceTree = "<group>"; };
		50B4E5671A4CEE67008F65AE /* LBLeaderboardWebVC.m */ = {isa = PBXFileReference; fileEncoding = 4; lastKnownFileType = sourcecode.c.objc; path = LBLeaderboardWebVC.m; sourceTree = "<group>"; };
		50B4E5691A4E3818008F65AE /* LBMainVC.h */ = {isa = PBXFileReference; fileEncoding = 4; lastKnownFileType = sourcecode.c.h; path = LBMainVC.h; sourceTree = "<group>"; };
		50B4E56A1A4E3818008F65AE /* LBMainVC.m */ = {isa = PBXFileReference; fileEncoding = 4; lastKnownFileType = sourcecode.c.objc; path = LBMainVC.m; sourceTree = "<group>"; };
		50B4E56B1A4E3818008F65AE /* LBMenuVC.h */ = {isa = PBXFileReference; fileEncoding = 4; lastKnownFileType = sourcecode.c.h; path = LBMenuVC.h; sourceTree = "<group>"; };
		50B4E56C1A4E3818008F65AE /* LBMenuVC.m */ = {isa = PBXFileReference; fileEncoding = 4; lastKnownFileType = sourcecode.c.objc; path = LBMenuVC.m; sourceTree = "<group>"; };
		50C7DE7F1A6F4934007909AB /* LBLoginView.h */ = {isa = PBXFileReference; fileEncoding = 4; lastKnownFileType = sourcecode.c.h; name = LBLoginView.h; path = view/LBLoginView.h; sourceTree = "<group>"; };
		50C7DE801A6F4934007909AB /* LBLoginView.m */ = {isa = PBXFileReference; fileEncoding = 4; lastKnownFileType = sourcecode.c.objc; name = LBLoginView.m; path = view/LBLoginView.m; sourceTree = "<group>"; };
		58FDF9E883066621FFF6623B /* libPods.a */ = {isa = PBXFileReference; explicitFileType = archive.ar; includeInIndex = 0; path = libPods.a; sourceTree = BUILT_PRODUCTS_DIR; };
		5F87858D62484A5952F20294 /* Pods.debug.xcconfig */ = {isa = PBXFileReference; includeInIndex = 1; lastKnownFileType = text.xcconfig; name = Pods.debug.xcconfig; path = "Pods/Target Support Files/Pods/Pods.debug.xcconfig"; sourceTree = "<group>"; };
		BB859BCE4E4AFF2707ABD02F /* Pods.release.xcconfig */ = {isa = PBXFileReference; includeInIndex = 1; lastKnownFileType = text.xcconfig; name = Pods.release.xcconfig; path = "Pods/Target Support Files/Pods/Pods.release.xcconfig"; sourceTree = "<group>"; };
/* End PBXFileReference section */

/* Begin PBXFrameworksBuildPhase section */
		50191F5C1A43842A00548963 /* Frameworks */ = {
			isa = PBXFrameworksBuildPhase;
			buildActionMask = 2147483647;
			files = (
				5074F9551A5BF85800CD2485 /* libPods-JSONModel.a in Frameworks */,
				5074F9561A5BF85800CD2485 /* libPods-Reachability.a in Frameworks */,
				5074F9571A5BF85800CD2485 /* libPods-SSKeychain.a in Frameworks */,
				5074F9581A5BF85800CD2485 /* libPods-SVProgressHUD.a in Frameworks */,
				5074F9591A5BF85800CD2485 /* libPods-SWRevealViewController.a in Frameworks */,
				5074F95A1A5BF85800CD2485 /* libPods.a in Frameworks */,
				5074F94E1A5BEA9400CD2485 /* libPods-AFNetworking.a in Frameworks */,
				506A64121A443E9200D4833D /* NotificationCenter.framework in Frameworks */,
			);
			runOnlyForDeploymentPostprocessing = 0;
		};
		50191F781A43842A00548963 /* Frameworks */ = {
			isa = PBXFrameworksBuildPhase;
			buildActionMask = 2147483647;
			files = (
			);
			runOnlyForDeploymentPostprocessing = 0;
		};
		506A662E1A44CB2B00D4833D /* Frameworks */ = {
			isa = PBXFrameworksBuildPhase;
			buildActionMask = 2147483647;
			files = (
				506A66321A44CB2C00D4833D /* NotificationCenter.framework in Frameworks */,
			);
			runOnlyForDeploymentPostprocessing = 0;
		};
/* End PBXFrameworksBuildPhase section */

/* Begin PBXGroup section */
		50191F561A43842A00548963 = {
			isa = PBXGroup;
			children = (
				502A9B8A1A45E990008695F4 /* Settings.bundle */,
				50191F611A43842A00548963 /* ldrbrd-iphone-v3 */,
				50191F7E1A43842B00548963 /* ldrbrd-iphone-v3Tests */,
				506A66331A44CB2C00D4833D /* ldrbrd-widget */,
				50191F601A43842A00548963 /* Products */,
				72A90C9417BCA303621C5FB7 /* Pods */,
				9379D932ED82C62ADF27A432 /* Frameworks */,
			);
			sourceTree = "<group>";
		};
		50191F601A43842A00548963 /* Products */ = {
			isa = PBXGroup;
			children = (
				50191F5F1A43842A00548963 /* ldrbrd-iphone-v3.app */,
				50191F7B1A43842A00548963 /* ldrbrd-iphone-v3Tests.xctest */,
				506A66311A44CB2B00D4833D /* ldrbrd-widget.appex */,
			);
			name = Products;
			sourceTree = "<group>";
		};
		50191F611A43842A00548963 /* ldrbrd-iphone-v3 */ = {
			isa = PBXGroup;
			children = (
				50B4E5611A4B94D2008F65AE /* ldrbrd-iphone-v3.entitlements */,
				50191F8B1A43907700548963 /* classes */,
				50191F661A43842A00548963 /* AppDelegate.h */,
				50191F671A43842A00548963 /* AppDelegate.m */,
				506A63F71A439A5600D4833D /* iPhone.storyboard */,
				50191F721A43842A00548963 /* Images.xcassets */,
				50191F741A43842A00548963 /* LaunchScreen.xib */,
				50191F621A43842A00548963 /* Supporting Files */,
			);
			path = "ldrbrd-iphone-v3";
			sourceTree = "<group>";
		};
		50191F621A43842A00548963 /* Supporting Files */ = {
			isa = PBXGroup;
			children = (
				50191F631A43842A00548963 /* Info.plist */,
				50191F641A43842A00548963 /* main.m */,
			);
			name = "Supporting Files";
			sourceTree = "<group>";
		};
		50191F7E1A43842B00548963 /* ldrbrd-iphone-v3Tests */ = {
			isa = PBXGroup;
			children = (
				50191F811A43842B00548963 /* ldrbrd_iphone_v3Tests.m */,
				50191F7F1A43842B00548963 /* Supporting Files */,
			);
			path = "ldrbrd-iphone-v3Tests";
			sourceTree = "<group>";
		};
		50191F7F1A43842B00548963 /* Supporting Files */ = {
			isa = PBXGroup;
			children = (
				50191F801A43842B00548963 /* Info.plist */,
			);
			name = "Supporting Files";
			sourceTree = "<group>";
		};
		50191F8B1A43907700548963 /* classes */ = {
			isa = PBXGroup;
			children = (
				506A66061A449C3800D4833D /* domain */,
				506A660F1A449C3800D4833D /* service */,
				506A66161A449C3800D4833D /* utils */,
				506A64131A443F7500D4833D /* view */,
				50191FAB1A43907700548963 /* vc */,
			);
			path = classes;
			sourceTree = "<group>";
		};
		50191FAB1A43907700548963 /* vc */ = {
			isa = PBXGroup;
			children = (
				50191FAE1A43907700548963 /* LBLandingVC.h */,
				50191FAF1A43907700548963 /* LBLandingVC.m */,
				50B4E5691A4E3818008F65AE /* LBMainVC.h */,
				50B4E56A1A4E3818008F65AE /* LBMainVC.m */,
				50B4E56B1A4E3818008F65AE /* LBMenuVC.h */,
				50B4E56C1A4E3818008F65AE /* LBMenuVC.m */,
				50191FB61A43907700548963 /* LBPlayGolfVC.h */,
				50191FB71A43907700548963 /* LBPlayGolfVC.m */,
				50B4E5661A4CEE67008F65AE /* LBLeaderboardWebVC.h */,
				50B4E5671A4CEE67008F65AE /* LBLeaderboardWebVC.m */,
				50191FB81A43907700548963 /* LBRoundSummaryVC.h */,
				50191FB91A43907700548963 /* LBRoundSummaryVC.m */,
				50191FBA1A43907700548963 /* LBSignScorecardVC.h */,
				50191FBB1A43907700548963 /* LBSignScorecardVC.m */,
				50191FB41A43907700548963 /* LBPlayGolfNowVC.h */,
				50191FB51A43907700548963 /* LBPlayGolfNowVC.m */,
				50191FAC1A43907700548963 /* LBGolferSelectVC.h */,
				50191FAD1A43907700548963 /* LBGolferSelectVC.m */,
				50191FBC1A43907700548963 /* LBStartRoundCourseVC.h */,
				50191FBD1A43907700548963 /* LBStartRoundCourseVC.m */,
				50191FBE1A43907700548963 /* LBStartRoundDetailVC.h */,
				50191FBF1A43907700548963 /* LBStartRoundDetailVC.m */,
			);
			path = vc;
			sourceTree = "<group>";
		};
		506A64131A443F7500D4833D /* view */ = {
			isa = PBXGroup;
			children = (
				502A9B911A4B2906008695F4 /* LBCompetitionRoundView.h */,
				502A9B921A4B2906008695F4 /* LBCompetitionRoundView.m */,
				506A64141A443FE400D4833D /* LBCourseDescription.h */,
				506A64151A443FE400D4833D /* LBCourseDescription.m */,
				506A64161A443FE400D4833D /* LBPlayerSummaryView.h */,
				506A64171A443FE400D4833D /* LBPlayerSummaryView.m */,
				50C7DE7F1A6F4934007909AB /* LBLoginView.h */,
				50C7DE801A6F4934007909AB /* LBLoginView.m */,
			);
			name = view;
			sourceTree = "<group>";
		};
		506A66061A449C3800D4833D /* domain */ = {
			isa = PBXGroup;
			children = (
				506A66071A449C3800D4833D /* LBCourse.h */,
				506A66081A449C3800D4833D /* LBCourse.m */,
				506A66091A449C3800D4833D /* LBCourseHole.h */,
				506A660A1A449C3800D4833D /* LBCourseHole.m */,
				506A660B1A449C3800D4833D /* LBGolfer.h */,
				506A660C1A449C3800D4833D /* LBGolfer.m */,
				506A660D1A449C3800D4833D /* LBScorecard.h */,
				506A660E1A449C3800D4833D /* LBScorecard.m */,
				502A9B8E1A466033008695F4 /* LBCompetitionRound.h */,
				502A9B8C1A465FFB008695F4 /* LBCompetitionRound.m */,
			);
			path = domain;
			sourceTree = "<group>";
		};
		506A660F1A449C3800D4833D /* service */ = {
			isa = PBXGroup;
			children = (
				50B4E5631A4B9A0C008F65AE /* LBUserDefaults.h */,
				50B4E5641A4B9A0C008F65AE /* LBUserDefaults.m */,
				506A66101A449C3800D4833D /* LBDataManager.h */,
				506A66111A449C3800D4833D /* LBDataManager.m */,
				506A66121A449C3800D4833D /* LBLocationManager.h */,
				506A66131A449C3800D4833D /* LBLocationManager.m */,
				506A66141A449C3800D4833D /* LBRestFacade.h */,
				506A66151A449C3800D4833D /* LBRestFacade.m */,
			);
			path = service;
			sourceTree = "<group>";
		};
		506A66161A449C3800D4833D /* utils */ = {
			isa = PBXGroup;
			children = (
				506A66171A449C3800D4833D /* LBConstant.h */,
				506A66181A449C3800D4833D /* LBGolfShotProfiler.h */,
				506A66191A449C3800D4833D /* LBGolfShotProfiler.m */,
				506A661A1A449C3800D4833D /* LBScorecardUtils.h */,
				506A661B1A449C3800D4833D /* LBScorecardUtils.m */,
				506A661C1A449C3800D4833D /* UIColor+LBColours.h */,
				506A661D1A449C3800D4833D /* UIColor+LBColours.m */,
			);
			path = utils;
			sourceTree = "<group>";
		};
		506A66331A44CB2C00D4833D /* ldrbrd-widget */ = {
			isa = PBXGroup;
			children = (
				50B4E5621A4B957B008F65AE /* ldrbrd-widget.entitlements */,
				506A66361A44CB2C00D4833D /* TodayViewController.h */,
				506A66371A44CB2C00D4833D /* TodayViewController.m */,
				506A66391A44CB2C00D4833D /* MainInterface.storyboard */,
				506A66341A44CB2C00D4833D /* Supporting Files */,
			);
			path = "ldrbrd-widget";
			sourceTree = "<group>";
		};
		506A66341A44CB2C00D4833D /* Supporting Files */ = {
			isa = PBXGroup;
			children = (
				506A66351A44CB2C00D4833D /* Info.plist */,
			);
			name = "Supporting Files";
			sourceTree = "<group>";
		};
		72A90C9417BCA303621C5FB7 /* Pods */ = {
			isa = PBXGroup;
			children = (
				5F87858D62484A5952F20294 /* Pods.debug.xcconfig */,
				BB859BCE4E4AFF2707ABD02F /* Pods.release.xcconfig */,
			);
			name = Pods;
			sourceTree = "<group>";
		};
		9379D932ED82C62ADF27A432 /* Frameworks */ = {
			isa = PBXGroup;
			children = (
				5074F94F1A5BF85800CD2485 /* libPods-JSONModel.a */,
				5074F9501A5BF85800CD2485 /* libPods-Reachability.a */,
				5074F9511A5BF85800CD2485 /* libPods-SSKeychain.a */,
				5074F9521A5BF85800CD2485 /* libPods-SVProgressHUD.a */,
				5074F9531A5BF85800CD2485 /* libPods-SWRevealViewController.a */,
				5074F9541A5BF85800CD2485 /* libPods.a */,
				5074F94D1A5BEA9400CD2485 /* libPods-AFNetworking.a */,
				506A64491A4441BB00D4833D /* UIKit.framework */,
				58FDF9E883066621FFF6623B /* libPods.a */,
				506A63FF1A443DD000D4833D /* NotificationCenter.framework */,
			);
			name = Frameworks;
			sourceTree = "<group>";
		};
/* End PBXGroup section */

/* Begin PBXNativeTarget section */
		50191F5E1A43842A00548963 /* ldrbrd-iphone-v3 */ = {
			isa = PBXNativeTarget;
			buildConfigurationList = 50191F851A43842B00548963 /* Build configuration list for PBXNativeTarget "ldrbrd-iphone-v3" */;
			buildPhases = (
				1538B9DBF1DD596BCBD38637 /* Check Pods Manifest.lock */,
				50191F5B1A43842A00548963 /* Sources */,
				50191F5C1A43842A00548963 /* Frameworks */,
				50191F5D1A43842A00548963 /* Resources */,
				2B67A1A95679E39D53A72F8C /* Copy Pods Resources */,
				506A64111A443DD000D4833D /* Embed App Extensions */,
				506A64451A44411D00D4833D /* Embed Frameworks */,
			);
			buildRules = (
			);
			dependencies = (
				506A663C1A44CB2C00D4833D /* PBXTargetDependency */,
				506A663F1A44CB2C00D4833D /* PBXTargetDependency */,
			);
			name = "ldrbrd-iphone-v3";
			productName = "ldrbrd-iphone-v3";
			productReference = 50191F5F1A43842A00548963 /* ldrbrd-iphone-v3.app */;
			productType = "com.apple.product-type.application";
		};
		50191F7A1A43842A00548963 /* ldrbrd-iphone-v3Tests */ = {
			isa = PBXNativeTarget;
			buildConfigurationList = 50191F881A43842B00548963 /* Build configuration list for PBXNativeTarget "ldrbrd-iphone-v3Tests" */;
			buildPhases = (
				50191F771A43842A00548963 /* Sources */,
				50191F781A43842A00548963 /* Frameworks */,
				50191F791A43842A00548963 /* Resources */,
			);
			buildRules = (
			);
			dependencies = (
				50191F7D1A43842B00548963 /* PBXTargetDependency */,
			);
			name = "ldrbrd-iphone-v3Tests";
			productName = "ldrbrd-iphone-v3Tests";
			productReference = 50191F7B1A43842A00548963 /* ldrbrd-iphone-v3Tests.xctest */;
			productType = "com.apple.product-type.bundle.unit-test";
		};
		506A66301A44CB2B00D4833D /* ldrbrd-widget */ = {
			isa = PBXNativeTarget;
			buildConfigurationList = 506A66441A44CB2C00D4833D /* Build configuration list for PBXNativeTarget "ldrbrd-widget" */;
			buildPhases = (
				506A662D1A44CB2B00D4833D /* Sources */,
				506A662E1A44CB2B00D4833D /* Frameworks */,
				506A662F1A44CB2B00D4833D /* Resources */,
			);
			buildRules = (
			);
			dependencies = (
			);
			name = "ldrbrd-widget";
			productName = "ldrbrd-widget";
			productReference = 506A66311A44CB2B00D4833D /* ldrbrd-widget.appex */;
			productType = "com.apple.product-type.app-extension";
		};
/* End PBXNativeTarget section */

/* Begin PBXProject section */
		50191F571A43842A00548963 /* Project object */ = {
			isa = PBXProject;
			attributes = {
				LastUpgradeCheck = 0600;
				ORGANIZATIONNAME = "John D. Gaffney";
				TargetAttributes = {
					50191F5E1A43842A00548963 = {
						CreatedOnToolsVersion = 6.0.1;
						DevelopmentTeam = CM459RVLLU;
						SystemCapabilities = {
							com.apple.ApplicationGroups.iOS = {
								enabled = 1;
							};
						};
					};
					50191F7A1A43842A00548963 = {
						CreatedOnToolsVersion = 6.0.1;
						TestTargetID = 50191F5E1A43842A00548963;
					};
					506A66301A44CB2B00D4833D = {
						CreatedOnToolsVersion = 6.0.1;
						DevelopmentTeam = CM459RVLLU;
						SystemCapabilities = {
							com.apple.ApplicationGroups.iOS = {
								enabled = 1;
							};
						};
					};
				};
			};
			buildConfigurationList = 50191F5A1A43842A00548963 /* Build configuration list for PBXProject "ldrbrd-iphone-v3" */;
			compatibilityVersion = "Xcode 3.2";
			developmentRegion = English;
			hasScannedForEncodings = 0;
			knownRegions = (
				en,
				Base,
			);
			mainGroup = 50191F561A43842A00548963;
			productRefGroup = 50191F601A43842A00548963 /* Products */;
			projectDirPath = "";
			projectRoot = "";
			targets = (
				50191F5E1A43842A00548963 /* ldrbrd-iphone-v3 */,
				50191F7A1A43842A00548963 /* ldrbrd-iphone-v3Tests */,
				506A66301A44CB2B00D4833D /* ldrbrd-widget */,
			);
		};
/* End PBXProject section */

/* Begin PBXResourcesBuildPhase section */
		50191F5D1A43842A00548963 /* Resources */ = {
			isa = PBXResourcesBuildPhase;
			buildActionMask = 2147483647;
			files = (
				502A9B8B1A45E990008695F4 /* Settings.bundle in Resources */,
				50191F761A43842A00548963 /* LaunchScreen.xib in Resources */,
				50191F731A43842A00548963 /* Images.xcassets in Resources */,
				506A63F91A439A5600D4833D /* iPhone.storyboard in Resources */,
			);
			runOnlyForDeploymentPostprocessing = 0;
		};
		50191F791A43842A00548963 /* Resources */ = {
			isa = PBXResourcesBuildPhase;
			buildActionMask = 2147483647;
			files = (
			);
			runOnlyForDeploymentPostprocessing = 0;
		};
		506A662F1A44CB2B00D4833D /* Resources */ = {
			isa = PBXResourcesBuildPhase;
			buildActionMask = 2147483647;
			files = (
				506A663A1A44CB2C00D4833D /* MainInterface.storyboard in Resources */,
			);
			runOnlyForDeploymentPostprocessing = 0;
		};
/* End PBXResourcesBuildPhase section */

/* Begin PBXShellScriptBuildPhase section */
		1538B9DBF1DD596BCBD38637 /* Check Pods Manifest.lock */ = {
			isa = PBXShellScriptBuildPhase;
			buildActionMask = 2147483647;
			files = (
			);
			inputPaths = (
			);
			name = "Check Pods Manifest.lock";
			outputPaths = (
			);
			runOnlyForDeploymentPostprocessing = 0;
			shellPath = /bin/sh;
			shellScript = "diff \"${PODS_ROOT}/../Podfile.lock\" \"${PODS_ROOT}/Manifest.lock\" > /dev/null\nif [[ $? != 0 ]] ; then\n    cat << EOM\nerror: The sandbox is not in sync with the Podfile.lock. Run 'pod install' or update your CocoaPods installation.\nEOM\n    exit 1\nfi\n";
			showEnvVarsInLog = 0;
		};
		2B67A1A95679E39D53A72F8C /* Copy Pods Resources */ = {
			isa = PBXShellScriptBuildPhase;
			buildActionMask = 2147483647;
			files = (
			);
			inputPaths = (
			);
			name = "Copy Pods Resources";
			outputPaths = (
			);
			runOnlyForDeploymentPostprocessing = 0;
			shellPath = /bin/sh;
			shellScript = "\"${SRCROOT}/Pods/Target Support Files/Pods/Pods-resources.sh\"\n";
			showEnvVarsInLog = 0;
		};
/* End PBXShellScriptBuildPhase section */

/* Begin PBXSourcesBuildPhase section */
		50191F5B1A43842A00548963 /* Sources */ = {
			isa = PBXSourcesBuildPhase;
			buildActionMask = 2147483647;
			files = (
				506A661F1A449C3800D4833D /* LBCourseHole.m in Sources */,
				50B4E56E1A4E3818008F65AE /* LBMenuVC.m in Sources */,
				50B4E5651A4B9A0C008F65AE /* LBUserDefaults.m in Sources */,
				50191FD31A43907700548963 /* LBPlayGolfVC.m in Sources */,
				50B4E56D1A4E3818008F65AE /* LBMainVC.m in Sources */,
				506A64191A443FE400D4833D /* LBPlayerSummaryView.m in Sources */,
				50191FCF1A43907700548963 /* LBLandingVC.m in Sources */,
				506A64181A443FE400D4833D /* LBCourseDescription.m in Sources */,
				502A9B931A4B2906008695F4 /* LBCompetitionRoundView.m in Sources */,
				502A9B8D1A465FFB008695F4 /* LBCompetitionRound.m in Sources */,
				50191F681A43842A00548963 /* AppDelegate.m in Sources */,
				50191FD41A43907700548963 /* LBRoundSummaryVC.m in Sources */,
				506A66201A449C3800D4833D /* LBGolfer.m in Sources */,
				50191FCE1A43907700548963 /* LBGolferSelectVC.m in Sources */,
				50B4E5681A4CEE67008F65AE /* LBLeaderboardWebVC.m in Sources */,
				50C7DE811A6F4934007909AB /* LBLoginView.m in Sources */,
				506A66241A449C3800D4833D /* LBRestFacade.m in Sources */,
				506A66211A449C3800D4833D /* LBScorecard.m in Sources */,
				50191FD61A43907700548963 /* LBStartRoundCourseVC.m in Sources */,
				506A66231A449C3800D4833D /* LBLocationManager.m in Sources */,
				50191FD21A43907700548963 /* LBPlayGolfNowVC.m in Sources */,
				506A66221A449C3800D4833D /* LBDataManager.m in Sources */,
				506A661E1A449C3800D4833D /* LBCourse.m in Sources */,
				506A66261A449C3800D4833D /* LBScorecardUtils.m in Sources */,
				50191F651A43842A00548963 /* main.m in Sources */,
				506A66271A449C3800D4833D /* UIColor+LBColours.m in Sources */,
				50191FD51A43907700548963 /* LBSignScorecardVC.m in Sources */,
				506A66251A449C3800D4833D /* LBGolfShotProfiler.m in Sources */,
				50191FD71A43907700548963 /* LBStartRoundDetailVC.m in Sources */,
			);
			runOnlyForDeploymentPostprocessing = 0;
		};
		50191F771A43842A00548963 /* Sources */ = {
			isa = PBXSourcesBuildPhase;
			buildActionMask = 2147483647;
			files = (
				50191F821A43842B00548963 /* ldrbrd_iphone_v3Tests.m in Sources */,
			);
			runOnlyForDeploymentPostprocessing = 0;
		};
		506A662D1A44CB2B00D4833D /* Sources */ = {
			isa = PBXSourcesBuildPhase;
			buildActionMask = 2147483647;
			files = (
				506A66381A44CB2C00D4833D /* TodayViewController.m in Sources */,
			);
			runOnlyForDeploymentPostprocessing = 0;
		};
/* End PBXSourcesBuildPhase section */

/* Begin PBXTargetDependency section */
		50191F7D1A43842B00548963 /* PBXTargetDependency */ = {
			isa = PBXTargetDependency;
			target = 50191F5E1A43842A00548963 /* ldrbrd-iphone-v3 */;
			targetProxy = 50191F7C1A43842B00548963 /* PBXContainerItemProxy */;
		};
		506A663C1A44CB2C00D4833D /* PBXTargetDependency */ = {
			isa = PBXTargetDependency;
			target = 506A66301A44CB2B00D4833D /* ldrbrd-widget */;
			targetProxy = 506A663B1A44CB2C00D4833D /* PBXContainerItemProxy */;
		};
		506A663F1A44CB2C00D4833D /* PBXTargetDependency */ = {
			isa = PBXTargetDependency;
			target = 506A66301A44CB2B00D4833D /* ldrbrd-widget */;
			targetProxy = 506A663E1A44CB2C00D4833D /* PBXContainerItemProxy */;
		};
/* End PBXTargetDependency section */

/* Begin PBXVariantGroup section */
		50191F741A43842A00548963 /* LaunchScreen.xib */ = {
			isa = PBXVariantGroup;
			children = (
				50191F751A43842A00548963 /* Base */,
			);
			name = LaunchScreen.xib;
			sourceTree = "<group>";
		};
		506A63F71A439A5600D4833D /* iPhone.storyboard */ = {
			isa = PBXVariantGroup;
			children = (
				506A63F81A439A5600D4833D /* Base */,
			);
			name = iPhone.storyboard;
			path = ..;
			sourceTree = "<group>";
		};
/* End PBXVariantGroup section */

/* Begin XCBuildConfiguration section */
		50191F831A43842B00548963 /* Debug */ = {
			isa = XCBuildConfiguration;
			buildSettings = {
				ALTERNATE_GROUP = "";
				ALWAYS_SEARCH_USER_PATHS = NO;
				CLANG_CXX_LANGUAGE_STANDARD = "gnu++0x";
				CLANG_CXX_LIBRARY = "libc++";
				CLANG_ENABLE_MODULES = YES;
				CLANG_ENABLE_OBJC_ARC = YES;
				CLANG_WARN_BOOL_CONVERSION = YES;
				CLANG_WARN_CONSTANT_CONVERSION = YES;
				CLANG_WARN_DIRECT_OBJC_ISA_USAGE = YES_ERROR;
				CLANG_WARN_EMPTY_BODY = YES;
				CLANG_WARN_ENUM_CONVERSION = YES;
				CLANG_WARN_INT_CONVERSION = YES;
				CLANG_WARN_OBJC_ROOT_CLASS = YES_ERROR;
				CLANG_WARN_UNREACHABLE_CODE = YES;
				CLANG_WARN__DUPLICATE_METHOD_MATCH = YES;
				"CODE_SIGN_IDENTITY[sdk=iphoneos*]" = "iPhone Developer";
				COPY_PHASE_STRIP = NO;
				ENABLE_STRICT_OBJC_MSGSEND = YES;
				FRAMEWORK_SEARCH_PATHS = "$(PLATFORM_DIR)/Developer/Library/Frameworks";
				GCC_C_LANGUAGE_STANDARD = gnu99;
				GCC_DYNAMIC_NO_PIC = NO;
				GCC_OPTIMIZATION_LEVEL = 0;
				GCC_PREPROCESSOR_DEFINITIONS = (
					"DEBUG=1",
					"$(inherited)",
				);
				GCC_SYMBOLS_PRIVATE_EXTERN = NO;
				GCC_WARN_64_TO_32_BIT_CONVERSION = YES;
				GCC_WARN_ABOUT_RETURN_TYPE = YES_ERROR;
				GCC_WARN_UNDECLARED_SELECTOR = YES;
				GCC_WARN_UNINITIALIZED_AUTOS = YES_AGGRESSIVE;
				GCC_WARN_UNUSED_FUNCTION = YES;
				GCC_WARN_UNUSED_VARIABLE = YES;
				INSTALL_GROUP = "";
				IPHONEOS_DEPLOYMENT_TARGET = 8.0;
				MTL_ENABLE_DEBUG_INFO = YES;
				ONLY_ACTIVE_ARCH = YES;
				SDKROOT = iphoneos;
				TARGETED_DEVICE_FAMILY = "1,2";
			};
			name = Debug;
		};
		50191F841A43842B00548963 /* Release */ = {
			isa = XCBuildConfiguration;
			buildSettings = {
				ALTERNATE_GROUP = "";
				ALWAYS_SEARCH_USER_PATHS = NO;
				CLANG_CXX_LANGUAGE_STANDARD = "gnu++0x";
				CLANG_CXX_LIBRARY = "libc++";
				CLANG_ENABLE_MODULES = YES;
				CLANG_ENABLE_OBJC_ARC = YES;
				CLANG_WARN_BOOL_CONVERSION = YES;
				CLANG_WARN_CONSTANT_CONVERSION = YES;
				CLANG_WARN_DIRECT_OBJC_ISA_USAGE = YES_ERROR;
				CLANG_WARN_EMPTY_BODY = YES;
				CLANG_WARN_ENUM_CONVERSION = YES;
				CLANG_WARN_INT_CONVERSION = YES;
				CLANG_WARN_OBJC_ROOT_CLASS = YES_ERROR;
				CLANG_WARN_UNREACHABLE_CODE = YES;
				CLANG_WARN__DUPLICATE_METHOD_MATCH = YES;
				"CODE_SIGN_IDENTITY[sdk=iphoneos*]" = "iPhone Developer";
				COPY_PHASE_STRIP = YES;
				ENABLE_NS_ASSERTIONS = NO;
				ENABLE_STRICT_OBJC_MSGSEND = YES;
				FRAMEWORK_SEARCH_PATHS = "$(PLATFORM_DIR)/Developer/Library/Frameworks";
				GCC_C_LANGUAGE_STANDARD = gnu99;
				GCC_WARN_64_TO_32_BIT_CONVERSION = YES;
				GCC_WARN_ABOUT_RETURN_TYPE = YES_ERROR;
				GCC_WARN_UNDECLARED_SELECTOR = YES;
				GCC_WARN_UNINITIALIZED_AUTOS = YES_AGGRESSIVE;
				GCC_WARN_UNUSED_FUNCTION = YES;
				GCC_WARN_UNUSED_VARIABLE = YES;
				INSTALL_GROUP = "";
				IPHONEOS_DEPLOYMENT_TARGET = 8.0;
				MTL_ENABLE_DEBUG_INFO = NO;
				SDKROOT = iphoneos;
				TARGETED_DEVICE_FAMILY = "1,2";
				VALIDATE_PRODUCT = YES;
			};
			name = Release;
		};
		50191F861A43842B00548963 /* Debug */ = {
			isa = XCBuildConfiguration;
			baseConfigurationReference = 5F87858D62484A5952F20294 /* Pods.debug.xcconfig */;
			buildSettings = {
				ASSETCATALOG_COMPILER_APPICON_NAME = "AppIcon-2";
				ASSETCATALOG_COMPILER_LAUNCHIMAGE_NAME = LaunchImage;
				CODE_SIGN_ENTITLEMENTS = "ldrbrd-iphone-v3/ldrbrd-iphone-v3.entitlements";
				CODE_SIGN_IDENTITY = "iPhone Developer";
				"CODE_SIGN_IDENTITY[sdk=iphoneos*]" = "iPhone Distribution";
				FRAMEWORK_SEARCH_PATHS = "$(inherited)";
				INFOPLIST_FILE = "ldrbrd-iphone-v3/Info.plist";
				IPHONEOS_DEPLOYMENT_TARGET = 8.1;
				LD_RUNPATH_SEARCH_PATHS = "$(inherited) @executable_path/Frameworks";
				LIBRARY_SEARCH_PATHS = (
					"$(inherited)",
					"$(PROJECT_DIR)/Pods/build/Debug-iphoneos",
				);
				PRODUCT_NAME = "ldrbrd-iphone-v3";
				PROVISIONING_PROFILE = "";
			};
			name = Debug;
		};
		50191F871A43842B00548963 /* Release */ = {
			isa = XCBuildConfiguration;
			baseConfigurationReference = BB859BCE4E4AFF2707ABD02F /* Pods.release.xcconfig */;
			buildSettings = {
				ASSETCATALOG_COMPILER_APPICON_NAME = "AppIcon-2";
				ASSETCATALOG_COMPILER_LAUNCHIMAGE_NAME = LaunchImage;
				CODE_SIGN_ENTITLEMENTS = "ldrbrd-iphone-v3/ldrbrd-iphone-v3.entitlements";
				CODE_SIGN_IDENTITY = "iPhone Developer";
				"CODE_SIGN_IDENTITY[sdk=iphoneos*]" = "iPhone Distribution";
				FRAMEWORK_SEARCH_PATHS = "$(inherited)";
				INFOPLIST_FILE = "ldrbrd-iphone-v3/Info.plist";
				IPHONEOS_DEPLOYMENT_TARGET = 8.1;
				LD_RUNPATH_SEARCH_PATHS = "$(inherited) @executable_path/Frameworks";
				LIBRARY_SEARCH_PATHS = (
					"$(inherited)",
					"$(PROJECT_DIR)/Pods/build/Debug-iphoneos",
				);
				PRODUCT_NAME = "ldrbrd-iphone-v3";
				PROVISIONING_PROFILE = "";
			};
			name = Release;
		};
		50191F891A43842B00548963 /* Debug */ = {
			isa = XCBuildConfiguration;
			buildSettings = {
				BUNDLE_LOADER = "$(TEST_HOST)";
				FRAMEWORK_SEARCH_PATHS = (
					"$(SDKROOT)/Developer/Library/Frameworks",
					"$(inherited)",
				);
				GCC_PREPROCESSOR_DEFINITIONS = (
					"DEBUG=1",
					"$(inherited)",
				);
				INFOPLIST_FILE = "ldrbrd-iphone-v3Tests/Info.plist";
				LD_RUNPATH_SEARCH_PATHS = "$(inherited) @executable_path/Frameworks @loader_path/Frameworks";
				PRODUCT_NAME = "$(TARGET_NAME)";
				TEST_HOST = "$(BUILT_PRODUCTS_DIR)/ldrbrd-iphone-v3.app/ldrbrd-iphone-v3";
			};
			name = Debug;
		};
		50191F8A1A43842B00548963 /* Release */ = {
			isa = XCBuildConfiguration;
			buildSettings = {
				BUNDLE_LOADER = "$(TEST_HOST)";
				FRAMEWORK_SEARCH_PATHS = (
					"$(SDKROOT)/Developer/Library/Frameworks",
					"$(inherited)",
				);
				INFOPLIST_FILE = "ldrbrd-iphone-v3Tests/Info.plist";
				LD_RUNPATH_SEARCH_PATHS = "$(inherited) @executable_path/Frameworks @loader_path/Frameworks";
				PRODUCT_NAME = "$(TARGET_NAME)";
				TEST_HOST = "$(BUILT_PRODUCTS_DIR)/ldrbrd-iphone-v3.app/ldrbrd-iphone-v3";
			};
			name = Release;
		};
		506A66401A44CB2C00D4833D /* Debug */ = {
			isa = XCBuildConfiguration;
			buildSettings = {
				ASSETCATALOG_COMPILER_APPICON_NAME = "AppIcon-2";
				ASSETCATALOG_COMPILER_LAUNCHIMAGE_NAME = LaunchImage;
				CODE_SIGN_ENTITLEMENTS = "ldrbrd-widget/ldrbrd-widget.entitlements";
				CODE_SIGN_IDENTITY = "iPhone Distribution";
				"CODE_SIGN_IDENTITY[sdk=iphoneos*]" = "iPhone Distribution";
				GCC_PREPROCESSOR_DEFINITIONS = (
					"DEBUG=1",
					"$(inherited)",
				);
				INFOPLIST_FILE = "ldrbrd-widget/Info.plist";
				IPHONEOS_DEPLOYMENT_TARGET = 8.0;
				LD_RUNPATH_SEARCH_PATHS = "$(inherited) @executable_path/Frameworks @executable_path/../../Frameworks";
				PRODUCT_NAME = "$(TARGET_NAME)";
				PROVISIONING_PROFILE = "";
				SKIP_INSTALL = YES;
			};
			name = Debug;
		};
		506A66411A44CB2C00D4833D /* Release */ = {
			isa = XCBuildConfiguration;
			buildSettings = {
				ASSETCATALOG_COMPILER_APPICON_NAME = "AppIcon-2";
				ASSETCATALOG_COMPILER_LAUNCHIMAGE_NAME = LaunchImage;
				CODE_SIGN_ENTITLEMENTS = "ldrbrd-widget/ldrbrd-widget.entitlements";
				CODE_SIGN_IDENTITY = "iPhone Distribution";
				"CODE_SIGN_IDENTITY[sdk=iphoneos*]" = "iPhone Distribution";
				INFOPLIST_FILE = "ldrbrd-widget/Info.plist";
				IPHONEOS_DEPLOYMENT_TARGET = 8.0;
				LD_RUNPATH_SEARCH_PATHS = "$(inherited) @executable_path/Frameworks @executable_path/../../Frameworks";
				PRODUCT_NAME = "$(TARGET_NAME)";
				PROVISIONING_PROFILE = "";
				SKIP_INSTALL = YES;
			};
			name = Release;
		};
/* End XCBuildConfiguration section */

/* Begin XCConfigurationList section */
		50191F5A1A43842A00548963 /* Build configuration list for PBXProject "ldrbrd-iphone-v3" */ = {
			isa = XCConfigurationList;
			buildConfigurations = (
				50191F831A43842B00548963 /* Debug */,
				50191F841A43842B00548963 /* Release */,
			);
			defaultConfigurationIsVisible = 0;
			defaultConfigurationName = Release;
		};
		50191F851A43842B00548963 /* Build configuration list for PBXNativeTarget "ldrbrd-iphone-v3" */ = {
			isa = XCConfigurationList;
			buildConfigurations = (
				50191F861A43842B00548963 /* Debug */,
				50191F871A43842B00548963 /* Release */,
			);
			defaultConfigurationIsVisible = 0;
			defaultConfigurationName = Release;
		};
		50191F881A43842B00548963 /* Build configuration list for PBXNativeTarget "ldrbrd-iphone-v3Tests" */ = {
			isa = XCConfigurationList;
			buildConfigurations = (
				50191F891A43842B00548963 /* Debug */,
				50191F8A1A43842B00548963 /* Release */,
			);
			defaultConfigurationIsVisible = 0;
			defaultConfigurationName = Release;
		};
		506A66441A44CB2C00D4833D /* Build configuration list for PBXNativeTarget "ldrbrd-widget" */ = {
			isa = XCConfigurationList;
			buildConfigurations = (
				506A66401A44CB2C00D4833D /* Debug */,
				506A66411A44CB2C00D4833D /* Release */,
			);
			defaultConfigurationIsVisible = 0;
			defaultConfigurationName = Release;
		};
/* End XCConfigurationList section */
	};
	rootObject = 50191F571A43842A00548963 /* Project object */;
}
